<?xml version="1.0" encoding="utf-8"?>
<Project ToolsVersion="4.0" xmlns="http://schemas.microsoft.com/developer/msbuild/2003">
  <ItemGroup>
    <Filter Include="Исходные файлы">
      <UniqueIdentifier>{4FC737F1-C7A5-4376-A066-2A32D752A2FF}</UniqueIdentifier>
      <Extensions>cpp;c;cc;cxx;c++;cppm;ixx;def;odl;idl;hpj;bat;asm;asmx</Extensions>
    </Filter>
    <Filter Include="Файлы заголовков">
      <UniqueIdentifier>{93995380-89BD-4b04-88EB-625FBE52EBFB}</UniqueIdentifier>
      <Extensions>h;hh;hpp;hxx;h++;hm;inl;inc;ipp;xsd</Extensions>
    </Filter>
    <Filter Include="Файлы ресурсов">
      <UniqueIdentifier>{67DA6AB6-F800-4c08-8B7A-83BB121AAD01}</UniqueIdentifier>
      <Extensions>rc;ico;cur;bmp;dlg;rc2;rct;bin;rgs;gif;jpg;jpeg;jpe;resx;tiff;tif;png;wav;mfcribbon-ms</Extensions>
    </Filter>
    <Filter Include="Исходные файлы\Graphics">
      <UniqueIdentifier>{e8099ac3-d5ac-4664-96db-04478e871b6f}</UniqueIdentifier>
    </Filter>
    <Filter Include="Исходные файлы\Keyboard">
      <UniqueIdentifier>{a8558b73-32b1-417e-b4eb-ca250a4516b4}</UniqueIdentifier>
    </Filter>
    <Filter Include="Исходные файлы\Mouse">
      <UniqueIdentifier>{78f45724-615a-4ac1-8266-69cf03d58963}</UniqueIdentifier>
    </Filter>
    <Filter Include="Исходные файлы\Window">
      <UniqueIdentifier>{1857f4dc-04e0-4ef2-841c-642c8252cdb5}</UniqueIdentifier>
    </Filter>
    <Filter Include="Файлы заголовков\Graphics">
      <UniqueIdentifier>{70ef4f1d-9bca-49b2-b5de-c503fa836593}</UniqueIdentifier>
    </Filter>
    <Filter Include="Файлы заголовков\Keyboard">
      <UniqueIdentifier>{e2ae5b7c-dfcd-42f5-9466-717ff13d37fb}</UniqueIdentifier>
    </Filter>
    <Filter Include="Файлы заголовков\Mouse">
      <UniqueIdentifier>{367c5e8b-6eee-49af-8ec3-5c58935be203}</UniqueIdentifier>
    </Filter>
    <Filter Include="Файлы заголовков\Window">
      <UniqueIdentifier>{376ee1cb-7921-47d9-8130-5edd750227c3}</UniqueIdentifier>
    </Filter>
  </ItemGroup>
  <ItemGroup>
    <ClCompile Include="Core.cpp">
      <Filter>Исходные файлы</Filter>
    </ClCompile>
    <ClCompile Include="Engine.cpp">
      <Filter>Исходные файлы</Filter>
    </ClCompile>
    <ClCompile Include="ErrorLogger.cpp">
      <Filter>Исходные файлы</Filter>
    </ClCompile>
    <ClCompile Include="StringConverter.cpp">
      <Filter>Исходные файлы</Filter>
    </ClCompile>
    <ClCompile Include="Window\RenderWindow.cpp">
      <Filter>Исходные файлы\Window</Filter>
    </ClCompile>
    <ClCompile Include="Window\WindowContainer.cpp">
      <Filter>Исходные файлы\Window</Filter>
    </ClCompile>
    <ClCompile Include="Mouse\MouseClass.cpp">
      <Filter>Исходные файлы\Mouse</Filter>
    </ClCompile>
    <ClCompile Include="Mouse\MouseEvent.cpp">
      <Filter>Исходные файлы\Mouse</Filter>
    </ClCompile>
    <ClCompile Include="Keyboard\KeyboardClass.cpp">
      <Filter>Исходные файлы\Keyboard</Filter>
    </ClCompile>
    <ClCompile Include="Keyboard\KeyboardEvent.cpp">
      <Filter>Исходные файлы\Keyboard</Filter>
    </ClCompile>
    <ClCompile Include="Graphics\AdapterReader.cpp">
      <Filter>Исходные файлы\Graphics</Filter>
    </ClCompile>
    <ClCompile Include="Graphics\Graphics.cpp">
      <Filter>Исходные файлы\Graphics</Filter>
    </ClCompile>
    <ClCompile Include="Graphics\Shaders.cpp">
      <Filter>Исходные файлы\Graphics</Filter>
    </ClCompile>
  </ItemGroup>
  <ItemGroup>
    <ClInclude Include="Window\RenderWindow.h">
      <Filter>Файлы заголовков\Window</Filter>
    </ClInclude>
    <ClInclude Include="Window\WindowContainer.h">
      <Filter>Файлы заголовков\Window</Filter>
    </ClInclude>
    <ClInclude Include="Engine.h">
      <Filter>Файлы заголовков</Filter>
    </ClInclude>
    <ClInclude Include="ErrorLogger.h">
      <Filter>Файлы заголовков</Filter>
    </ClInclude>
    <ClInclude Include="StringConverter.h">
      <Filter>Файлы заголовков</Filter>
    </ClInclude>
    <ClInclude Include="Mouse\MouseClass.h">
      <Filter>Файлы заголовков\Mouse</Filter>
    </ClInclude>
    <ClInclude Include="Mouse\MouseEvent.h">
      <Filter>Файлы заголовков\Mouse</Filter>
    </ClInclude>
    <ClInclude Include="Keyboard\KeyboardClass.h">
      <Filter>Файлы заголовков\Keyboard</Filter>
    </ClInclude>
    <ClInclude Include="Keyboard\KeyboardEvent.h">
      <Filter>Файлы заголовков\Keyboard</Filter>
    </ClInclude>
    <ClInclude Include="Graphics\AdapterReader.h">
      <Filter>Файлы заголовков\Graphics</Filter>
    </ClInclude>
    <ClInclude Include="Graphics\Graphics.h">
      <Filter>Файлы заголовков\Graphics</Filter>
    </ClInclude>
    <ClInclude Include="Graphics\Shaders.h">
      <Filter>Файлы заголовков\Graphics</Filter>
    </ClInclude>
    <ClInclude Include="Graphics\Vertex.h">
      <Filter>Файлы заголовков\Graphics</Filter>
    </ClInclude>
  </ItemGroup>
  <ItemGroup>
    <FxCompile Include="VertexShader.hlsl">
      <Filter>Файлы ресурсов</Filter>
    </FxCompile>
    <FxCompile Include="PixelShader.hlsl">
      <Filter>Файлы ресурсов</Filter>
    </FxCompile>
  </ItemGroup>
</Project>